<?xml version="1.0" encoding="utf-8"?>
<Project ToolsVersion="4.0" xmlns="http://schemas.microsoft.com/developer/msbuild/2003">
  <ItemGroup>
    <Filter Include="Source Files">
      <UniqueIdentifier>{79b2bb1b-1dd0-48d6-a503-8a96a313b198}</UniqueIdentifier>
      <Extensions>cpp;c;cxx;rc;def;r;odl;idl;hpj;bat</Extensions>
    </Filter>
    <Filter Include="Header Files">
      <UniqueIdentifier>{8fc52b64-c0bd-496f-aec3-a7d01b300c7f}</UniqueIdentifier>
      <Extensions>h;hpp;hxx;hm;inl</Extensions>
    </Filter>
    <Filter Include="Resource Files">
      <UniqueIdentifier>{8400b7d9-f8b2-4507-8d29-d6bda7e911d7}</UniqueIdentifier>
      <Extensions>ico;cur;bmp;dlg;rc2;rct;bin;rgs;gif;jpg;jpeg;jpe</Extensions>
    </Filter>
  </ItemGroup>
  <ItemGroup>
    <ClCompile Include="DialogToolBar.cpp">
      <Filter>Source Files</Filter>
    </ClCompile>
    <ClCompile Include="DlgFrame.cpp">
      <Filter>Source Files</Filter>
    </ClCompile>
    <ClCompile Include="ExampleDlg.cpp">
      <Filter>Source Files</Filter>
    </ClCompile>
    <ClCompile Include="mFormView.cpp">
      <Filter>Source Files</Filter>
    </ClCompile>
    <ClCompile Include="mView.cpp">
      <Filter>Source Files</Filter>
    </ClCompile>
    <ClCompile Include="splitTodialog.cpp">
      <Filter>Source Files</Filter>
    </ClCompile>
    <ClCompile Include="splitTodialogDlg.cpp">
      <Filter>Source Files</Filter>
    </ClCompile>
    <ClCompile Include="StdAfx.cpp">
      <Filter>Source Files</Filter>
    </ClCompile>
  </ItemGroup>
  <ItemGroup>
    <ResourceCompile Include="splitTodialog.rc">
      <Filter>Source Files</Filter>
    </ResourceCompile>
  </ItemGroup>
  <ItemGroup>
    <ClInclude Include="DialogToolBar.h">
      <Filter>Header Files</Filter>
    </ClInclude>
    <ClInclude Include="DlgFrame.h">
      <Filter>Header Files</Filter>
    </ClInclude>
    <ClInclude Include="ExampleDlg.h">
      <Filter>Header Files</Filter>
    </ClInclude>
    <ClInclude Include="mFormView.h">
      <Filter>Header Files</Filter>
    </ClInclude>
    <ClInclude Include="mView.h">
      <Filter>Header Files</Filter>
    </ClInclude>
    <ClInclude Include="Resource.h">
      <Filter>Header Files</Filter>
    </ClInclude>
    <ClInclude Include="splitTodialog.h">
      <Filter>Header Files</Filter>
    </ClInclude>
    <ClInclude Include="splitTodialogDlg.h">
      <Filter>Header Files</Filter>
    </ClInclude>
    <ClInclude Include="StdAfx.h">
      <Filter>Header Files</Filter>
    </ClInclude>
  </ItemGroup>
  <ItemGroup>
    <CustomBuild Include="res\splitTodialog.ico">
      <Filter>Resource Files</Filter>
    </CustomBuild>
    <CustomBuild Include="res\splitTodialog.rc2">
      <Filter>Resource Files</Filter>
    </CustomBuild>
    <CustomBuild Include="res\Toolbar.bmp">
      <Filter>Resource Files</Filter>
    </CustomBuild>
    <CustomBuild Include="ReadMe.txt" />
  </ItemGroup>
</Project>